// !$*UTF8*$!
{
	archiveVersion = 1;
	classes = {
	};
	objectVersion = 48;
	objects = {

/* Begin PBXBuildFile section */
		2C591ABAD7861197D7D5AAC7 /* Pods_EasySell.framework in Frameworks */ = {isa = PBXBuildFile; fileRef = 8044496AD30DF927FB867F66 /* Pods_EasySell.framework */; };
		5200B10DB5DEDB8262F3B028 /* DesignPostViewModel.swift in Sources */ = {isa = PBXBuildFile; fileRef = 5200B75B2DBB52D4B0B21F32 /* DesignPostViewModel.swift */; };
		5200B1F5B2D3C7EDFD535E85 /* DesignPostViewViewModel.swift in Sources */ = {isa = PBXBuildFile; fileRef = 5200BE9957E10A113D65852A /* DesignPostViewViewModel.swift */; };
		5200B1F7BF02D1CEA8514A93 /* PostPhotoCollectionCell.swift in Sources */ = {isa = PBXBuildFile; fileRef = 5200BCD7D7164B62DA28A66D /* PostPhotoCollectionCell.swift */; };
		5200B373B09C15F04B91182A /* IconTitleButton.swift in Sources */ = {isa = PBXBuildFile; fileRef = 5200BBD8180F4FA2B95E8518 /* IconTitleButton.swift */; };
		5200B646A998E8BAF40FC2E6 /* DesignPostController.swift in Sources */ = {isa = PBXBuildFile; fileRef = 5200BA19AC0EAEA94A017904 /* DesignPostController.swift */; };
		5200B85E604B357BA5E7688B /* UILabelExtensions.swift in Sources */ = {isa = PBXBuildFile; fileRef = 5200BE19DF6C15507B4FB6BB /* UILabelExtensions.swift */; };
		5200B86A38A0DAD6A570F7E0 /* BadgeView.swift in Sources */ = {isa = PBXBuildFile; fileRef = 5200B10CAC77B958A624503C /* BadgeView.swift */; };
		5200B8E63B114354407E60FA /* NSObjectExtensions.swift in Sources */ = {isa = PBXBuildFile; fileRef = 5200B1D1519A629070DB58B5 /* NSObjectExtensions.swift */; };
		5200BC20453D532443B6877D /* DeviceUtils.swift in Sources */ = {isa = PBXBuildFile; fileRef = 5200BA872DD50454198715AB /* DeviceUtils.swift */; };
		5200BC230835A03FDA97EF50 /* UIColorExtensions.swift in Sources */ = {isa = PBXBuildFile; fileRef = 5200B08A119FDA3144EB59B2 /* UIColorExtensions.swift */; };
		5200BDAE38F885ECEE595059 /* IntExtensions.swift in Sources */ = {isa = PBXBuildFile; fileRef = 5200B23650CF317352211CB0 /* IntExtensions.swift */; };
		5200BE09205073D191642873 /* DesignPostView.swift in Sources */ = {isa = PBXBuildFile; fileRef = 5200BFA9547893ECED866CBC /* DesignPostView.swift */; };
		5200BE39AE475BAA3572F471 /* PostsController.swift in Sources */ = {isa = PBXBuildFile; fileRef = 5200B34BFDC74F2D12945BED /* PostsController.swift */; };
		5200BF1FE0FBF06467CF1316 /* TitleSwitchView.swift in Sources */ = {isa = PBXBuildFile; fileRef = 5200B48C50D7BCCC3A51022B /* TitleSwitchView.swift */; };
		5200BF2EC8EF15AC748F6CB9 /* LaunchScreen.storyboard in Resources */ = {isa = PBXBuildFile; fileRef = 5200BA54D172721BAB1317D8 /* LaunchScreen.storyboard */; };
		CE97DF1F1FD19641002CF005 /* AppDelegate.swift in Sources */ = {isa = PBXBuildFile; fileRef = CE97DF1E1FD19641002CF005 /* AppDelegate.swift */; };
		CE97DF261FD19641002CF005 /* Assets.xcassets in Resources */ = {isa = PBXBuildFile; fileRef = CE97DF251FD19641002CF005 /* Assets.xcassets */; };
/* End PBXBuildFile section */

/* Begin PBXFileReference section */
		278443DD5C84ADBC42AD53CB /* Pods-EasySell.release.xcconfig */ = {isa = PBXFileReference; includeInIndex = 1; lastKnownFileType = text.xcconfig; name = "Pods-EasySell.release.xcconfig"; path = "Pods/Target Support Files/Pods-EasySell/Pods-EasySell.release.xcconfig"; sourceTree = "<group>"; };
		5200B08A119FDA3144EB59B2 /* UIColorExtensions.swift */ = {isa = PBXFileReference; fileEncoding = 4; lastKnownFileType = sourcecode.swift; path = UIColorExtensions.swift; sourceTree = "<group>"; };
		5200B10CAC77B958A624503C /* BadgeView.swift */ = {isa = PBXFileReference; fileEncoding = 4; lastKnownFileType = sourcecode.swift; path = BadgeView.swift; sourceTree = "<group>"; };
		5200B15036D9751C364B806A /* Base */ = {isa = PBXFileReference; lastKnownFileType = file.storyboard; name = Base; path = EasySell/Base.lproj/LaunchScreen.storyboard; sourceTree = SOURCE_ROOT; };
		5200B1D1519A629070DB58B5 /* NSObjectExtensions.swift */ = {isa = PBXFileReference; fileEncoding = 4; lastKnownFileType = sourcecode.swift; path = NSObjectExtensions.swift; sourceTree = "<group>"; };
		5200B23650CF317352211CB0 /* IntExtensions.swift */ = {isa = PBXFileReference; fileEncoding = 4; lastKnownFileType = sourcecode.swift; path = IntExtensions.swift; sourceTree = "<group>"; };
		5200B34BFDC74F2D12945BED /* PostsController.swift */ = {isa = PBXFileReference; fileEncoding = 4; lastKnownFileType = sourcecode.swift; path = PostsController.swift; sourceTree = "<group>"; };
		5200B48C50D7BCCC3A51022B /* TitleSwitchView.swift */ = {isa = PBXFileReference; fileEncoding = 4; lastKnownFileType = sourcecode.swift; path = TitleSwitchView.swift; sourceTree = "<group>"; };
		5200B75B2DBB52D4B0B21F32 /* DesignPostViewModel.swift */ = {isa = PBXFileReference; fileEncoding = 4; lastKnownFileType = sourcecode.swift; path = DesignPostViewModel.swift; sourceTree = "<group>"; };
		5200BA19AC0EAEA94A017904 /* DesignPostController.swift */ = {isa = PBXFileReference; fileEncoding = 4; lastKnownFileType = sourcecode.swift; path = DesignPostController.swift; sourceTree = "<group>"; };
		5200BA872DD50454198715AB /* DeviceUtils.swift */ = {isa = PBXFileReference; fileEncoding = 4; lastKnownFileType = sourcecode.swift; path = DeviceUtils.swift; sourceTree = "<group>"; };
		5200BBD8180F4FA2B95E8518 /* IconTitleButton.swift */ = {isa = PBXFileReference; fileEncoding = 4; lastKnownFileType = sourcecode.swift; path = IconTitleButton.swift; sourceTree = "<group>"; };
		5200BCD7D7164B62DA28A66D /* PostPhotoCollectionCell.swift */ = {isa = PBXFileReference; fileEncoding = 4; lastKnownFileType = sourcecode.swift; path = PostPhotoCollectionCell.swift; sourceTree = "<group>"; };
		5200BE19DF6C15507B4FB6BB /* UILabelExtensions.swift */ = {isa = PBXFileReference; fileEncoding = 4; lastKnownFileType = sourcecode.swift; path = UILabelExtensions.swift; sourceTree = "<group>"; };
		5200BE9957E10A113D65852A /* DesignPostViewViewModel.swift */ = {isa = PBXFileReference; fileEncoding = 4; lastKnownFileType = sourcecode.swift; path = DesignPostViewViewModel.swift; sourceTree = "<group>"; };
		5200BFA9547893ECED866CBC /* DesignPostView.swift */ = {isa = PBXFileReference; fileEncoding = 4; lastKnownFileType = sourcecode.swift; path = DesignPostView.swift; sourceTree = "<group>"; };
		8044496AD30DF927FB867F66 /* Pods_EasySell.framework */ = {isa = PBXFileReference; explicitFileType = wrapper.framework; includeInIndex = 0; path = Pods_EasySell.framework; sourceTree = BUILT_PRODUCTS_DIR; };
		CE97DF1B1FD19641002CF005 /* EasySell.app */ = {isa = PBXFileReference; explicitFileType = wrapper.application; includeInIndex = 0; path = EasySell.app; sourceTree = BUILT_PRODUCTS_DIR; };
		CE97DF1E1FD19641002CF005 /* AppDelegate.swift */ = {isa = PBXFileReference; lastKnownFileType = sourcecode.swift; path = AppDelegate.swift; sourceTree = "<group>"; };
		CE97DF251FD19641002CF005 /* Assets.xcassets */ = {isa = PBXFileReference; lastKnownFileType = folder.assetcatalog; path = Assets.xcassets; sourceTree = "<group>"; };
		CE97DF2A1FD19641002CF005 /* Info.plist */ = {isa = PBXFileReference; lastKnownFileType = text.plist.xml; path = Info.plist; sourceTree = "<group>"; };
		E8EBF9F499711AB958F5D2B4 /* Pods-EasySell.debug.xcconfig */ = {isa = PBXFileReference; includeInIndex = 1; lastKnownFileType = text.xcconfig; name = "Pods-EasySell.debug.xcconfig"; path = "Pods/Target Support Files/Pods-EasySell/Pods-EasySell.debug.xcconfig"; sourceTree = "<group>"; };
/* End PBXFileReference section */

/* Begin PBXFrameworksBuildPhase section */
		CE97DF181FD19641002CF005 /* Frameworks */ = {
			isa = PBXFrameworksBuildPhase;
			buildActionMask = 2147483647;
			files = (
				2C591ABAD7861197D7D5AAC7 /* Pods_EasySell.framework in Frameworks */,
			);
			runOnlyForDeploymentPostprocessing = 0;
		};
/* End PBXFrameworksBuildPhase section */

/* Begin PBXGroup section */
		14F2C5BDAD677E392122818B /* Pods */ = {
			isa = PBXGroup;
			children = (
				E8EBF9F499711AB958F5D2B4 /* Pods-EasySell.debug.xcconfig */,
				278443DD5C84ADBC42AD53CB /* Pods-EasySell.release.xcconfig */,
			);
			name = Pods;
			sourceTree = "<group>";
		};
		4C6560E3CF496CE0633CC92E /* Frameworks */ = {
			isa = PBXGroup;
			children = (
				8044496AD30DF927FB867F66 /* Pods_EasySell.framework */,
			);
			name = Frameworks;
			sourceTree = "<group>";
		};
		5200B0095491F057AD8D0D79 /* Utils */ = {
			isa = PBXGroup;
			children = (
				5200BA872DD50454198715AB /* DeviceUtils.swift */,
			);
			path = Utils;
			sourceTree = "<group>";
		};
		5200B551E3A3BB8B6B07C7D6 /* Storyboards */ = {
			isa = PBXGroup;
			children = (
				5200BA54D172721BAB1317D8 /* LaunchScreen.storyboard */,
			);
			path = Storyboards;
			sourceTree = "<group>";
		};
		5200B71D779BA75ED812E96C /* ViewModels */ = {
			isa = PBXGroup;
			children = (
				5200B75B2DBB52D4B0B21F32 /* DesignPostViewModel.swift */,
				5200BE9957E10A113D65852A /* DesignPostViewViewModel.swift */,
			);
			path = ViewModels;
			sourceTree = "<group>";
		};
		5200B8678A12C2B079D209CD /* Cells */ = {
			isa = PBXGroup;
			children = (
				5200BCD7D7164B62DA28A66D /* PostPhotoCollectionCell.swift */,
			);
			path = Cells;
			sourceTree = "<group>";
		};
		5200B9363CDEC1AF5AA37749 /* Views */ = {
			isa = PBXGroup;
			children = (
				5200BFA9547893ECED866CBC /* DesignPostView.swift */,
				5200B48C50D7BCCC3A51022B /* TitleSwitchView.swift */,
				5200BBD8180F4FA2B95E8518 /* IconTitleButton.swift */,
				5200B8678A12C2B079D209CD /* Cells */,
				5200B10CAC77B958A624503C /* BadgeView.swift */,
			);
			path = Views;
			sourceTree = "<group>";
		};
		5200BCF96B3A03807A75BC3C /* Controllers */ = {
			isa = PBXGroup;
			children = (
				5200BA19AC0EAEA94A017904 /* DesignPostController.swift */,
				5200B34BFDC74F2D12945BED /* PostsController.swift */,
			);
			path = Controllers;
			sourceTree = "<group>";
		};
		5200BF8172670FE85E55F16D /* Extensions */ = {
			isa = PBXGroup;
			children = (
				5200BE19DF6C15507B4FB6BB /* UILabelExtensions.swift */,
				5200B08A119FDA3144EB59B2 /* UIColorExtensions.swift */,
				5200B1D1519A629070DB58B5 /* NSObjectExtensions.swift */,
				5200B23650CF317352211CB0 /* IntExtensions.swift */,
			);
			path = Extensions;
			sourceTree = "<group>";
		};
		CE97DF121FD19641002CF005 = {
			isa = PBXGroup;
			children = (
				CE97DF1D1FD19641002CF005 /* EasySell */,
				CE97DF1C1FD19641002CF005 /* Products */,
				14F2C5BDAD677E392122818B /* Pods */,
				4C6560E3CF496CE0633CC92E /* Frameworks */,
			);
			sourceTree = "<group>";
		};
		CE97DF1C1FD19641002CF005 /* Products */ = {
			isa = PBXGroup;
			children = (
				CE97DF1B1FD19641002CF005 /* EasySell.app */,
			);
			name = Products;
			sourceTree = "<group>";
		};
		CE97DF1D1FD19641002CF005 /* EasySell */ = {
			isa = PBXGroup;
			children = (
				CE97DF1E1FD19641002CF005 /* AppDelegate.swift */,
				CE97DF251FD19641002CF005 /* Assets.xcassets */,
				CE97DF2A1FD19641002CF005 /* Info.plist */,
				5200BCF96B3A03807A75BC3C /* Controllers */,
				5200B9363CDEC1AF5AA37749 /* Views */,
				5200B71D779BA75ED812E96C /* ViewModels */,
				5200B0095491F057AD8D0D79 /* Utils */,
				5200B551E3A3BB8B6B07C7D6 /* Storyboards */,
				5200BF8172670FE85E55F16D /* Extensions */,
			);
			path = EasySell;
			sourceTree = "<group>";
		};
/* End PBXGroup section */

/* Begin PBXNativeTarget section */
		CE97DF1A1FD19641002CF005 /* EasySell */ = {
			isa = PBXNativeTarget;
			buildConfigurationList = CE97DF2D1FD19641002CF005 /* Build configuration list for PBXNativeTarget "EasySell" */;
			buildPhases = (
				1336E3AB1F023EDA85169C1D /* [CP] Check Pods Manifest.lock */,
				CE97DF171FD19641002CF005 /* Sources */,
				CE97DF181FD19641002CF005 /* Frameworks */,
				CE97DF191FD19641002CF005 /* Resources */,
				C2BE7BCF3F5B0CEC07DC99FF /* [CP] Embed Pods Frameworks */,
				51B8DFA4BE7780A84D00171B /* [CP] Copy Pods Resources */,
			);
			buildRules = (
			);
			dependencies = (
			);
			name = EasySell;
			productName = EasySell;
			productReference = CE97DF1B1FD19641002CF005 /* EasySell.app */;
			productType = "com.apple.product-type.application";
		};
/* End PBXNativeTarget section */

/* Begin PBXProject section */
		CE97DF131FD19641002CF005 /* Project object */ = {
			isa = PBXProject;
			attributes = {
				LastSwiftUpdateCheck = 0910;
				LastUpgradeCheck = 0910;
				ORGANIZATIONNAME = "Good App";
				TargetAttributes = {
					CE97DF1A1FD19641002CF005 = {
						CreatedOnToolsVersion = 9.1;
						ProvisioningStyle = Automatic;
					};
				};
			};
			buildConfigurationList = CE97DF161FD19641002CF005 /* Build configuration list for PBXProject "EasySell" */;
			compatibilityVersion = "Xcode 8.0";
			developmentRegion = en;
			hasScannedForEncodings = 0;
			knownRegions = (
				en,
				Base,
			);
			mainGroup = CE97DF121FD19641002CF005;
			productRefGroup = CE97DF1C1FD19641002CF005 /* Products */;
			projectDirPath = "";
			projectRoot = "";
			targets = (
				CE97DF1A1FD19641002CF005 /* EasySell */,
			);
		};
/* End PBXProject section */

/* Begin PBXResourcesBuildPhase section */
		CE97DF191FD19641002CF005 /* Resources */ = {
			isa = PBXResourcesBuildPhase;
			buildActionMask = 2147483647;
			files = (
				CE97DF261FD19641002CF005 /* Assets.xcassets in Resources */,
				5200BF2EC8EF15AC748F6CB9 /* LaunchScreen.storyboard in Resources */,
			);
			runOnlyForDeploymentPostprocessing = 0;
		};
/* End PBXResourcesBuildPhase section */

/* Begin PBXShellScriptBuildPhase section */
		1336E3AB1F023EDA85169C1D /* [CP] Check Pods Manifest.lock */ = {
			isa = PBXShellScriptBuildPhase;
			buildActionMask = 2147483647;
			files = (
			);
			inputPaths = (
				"${PODS_PODFILE_DIR_PATH}/Podfile.lock",
				"${PODS_ROOT}/Manifest.lock",
			);
			name = "[CP] Check Pods Manifest.lock";
			outputPaths = (
				"$(DERIVED_FILE_DIR)/Pods-EasySell-checkManifestLockResult.txt",
			);
			runOnlyForDeploymentPostprocessing = 0;
			shellPath = /bin/sh;
			shellScript = "diff \"${PODS_PODFILE_DIR_PATH}/Podfile.lock\" \"${PODS_ROOT}/Manifest.lock\" > /dev/null\nif [ $? != 0 ] ; then\n    # print error to STDERR\n    echo \"error: The sandbox is not in sync with the Podfile.lock. Run 'pod install' or update your CocoaPods installation.\" >&2\n    exit 1\nfi\n# This output is used by Xcode 'outputs' to avoid re-running this script phase.\necho \"SUCCESS\" > \"${SCRIPT_OUTPUT_FILE_0}\"\n";
			showEnvVarsInLog = 0;
		};
		51B8DFA4BE7780A84D00171B /* [CP] Copy Pods Resources */ = {
			isa = PBXShellScriptBuildPhase;
			buildActionMask = 2147483647;
			files = (
			);
			inputPaths = (
			);
			name = "[CP] Copy Pods Resources";
			outputPaths = (
			);
			runOnlyForDeploymentPostprocessing = 0;
			shellPath = /bin/sh;
			shellScript = "\"${SRCROOT}/Pods/Target Support Files/Pods-EasySell/Pods-EasySell-resources.sh\"\n";
			showEnvVarsInLog = 0;
		};
		C2BE7BCF3F5B0CEC07DC99FF /* [CP] Embed Pods Frameworks */ = {
			isa = PBXShellScriptBuildPhase;
			buildActionMask = 2147483647;
			files = (
			);
			inputPaths = (
				"${SRCROOT}/Pods/Target Support Files/Pods-EasySell/Pods-EasySell-frameworks.sh",
				"${BUILT_PRODUCTS_DIR}/CHIPageControl/CHIPageControl.framework",
				"${BUILT_PRODUCTS_DIR}/DynamicColor/DynamicColor.framework",
				"${BUILT_PRODUCTS_DIR}/GrowingTextView/GrowingTextView.framework",
				"${BUILT_PRODUCTS_DIR}/IQKeyboardManagerSwift/IQKeyboardManagerSwift.framework",
				"${BUILT_PRODUCTS_DIR}/Realm/Realm.framework",
				"${BUILT_PRODUCTS_DIR}/RealmSwift/RealmSwift.framework",
				"${BUILT_PRODUCTS_DIR}/RxCocoa/RxCocoa.framework",
				"${BUILT_PRODUCTS_DIR}/RxRealm/RxRealm.framework",
				"${BUILT_PRODUCTS_DIR}/RxRealmDataSources/RxRealmDataSources.framework",
				"${BUILT_PRODUCTS_DIR}/RxSwift/RxSwift.framework",
				"${BUILT_PRODUCTS_DIR}/STPopup/STPopup.framework",
				"${BUILT_PRODUCTS_DIR}/SVProgressHUD/SVProgressHUD.framework",
				"${BUILT_PRODUCTS_DIR}/SnapKit/SnapKit.framework",
				"${BUILT_PRODUCTS_DIR}/SwiftyAttributes/SwiftyAttributes.framework",
				"${BUILT_PRODUCTS_DIR}/UIView+Positioning/UIView_Positioning.framework",
			);
			name = "[CP] Embed Pods Frameworks";
			outputPaths = (
				"${TARGET_BUILD_DIR}/${FRAMEWORKS_FOLDER_PATH}/CHIPageControl.framework",
				"${TARGET_BUILD_DIR}/${FRAMEWORKS_FOLDER_PATH}/DynamicColor.framework",
				"${TARGET_BUILD_DIR}/${FRAMEWORKS_FOLDER_PATH}/GrowingTextView.framework",
				"${TARGET_BUILD_DIR}/${FRAMEWORKS_FOLDER_PATH}/IQKeyboardManagerSwift.framework",
				"${TARGET_BUILD_DIR}/${FRAMEWORKS_FOLDER_PATH}/Realm.framework",
				"${TARGET_BUILD_DIR}/${FRAMEWORKS_FOLDER_PATH}/RealmSwift.framework",
				"${TARGET_BUILD_DIR}/${FRAMEWORKS_FOLDER_PATH}/RxCocoa.framework",
				"${TARGET_BUILD_DIR}/${FRAMEWORKS_FOLDER_PATH}/RxRealm.framework",
				"${TARGET_BUILD_DIR}/${FRAMEWORKS_FOLDER_PATH}/RxRealmDataSources.framework",
				"${TARGET_BUILD_DIR}/${FRAMEWORKS_FOLDER_PATH}/RxSwift.framework",
				"${TARGET_BUILD_DIR}/${FRAMEWORKS_FOLDER_PATH}/STPopup.framework",
				"${TARGET_BUILD_DIR}/${FRAMEWORKS_FOLDER_PATH}/SVProgressHUD.framework",
				"${TARGET_BUILD_DIR}/${FRAMEWORKS_FOLDER_PATH}/SnapKit.framework",
				"${TARGET_BUILD_DIR}/${FRAMEWORKS_FOLDER_PATH}/SwiftyAttributes.framework",
				"${TARGET_BUILD_DIR}/${FRAMEWORKS_FOLDER_PATH}/UIView_Positioning.framework",
			);
			runOnlyForDeploymentPostprocessing = 0;
			shellPath = /bin/sh;
			shellScript = "\"${SRCROOT}/Pods/Target Support Files/Pods-EasySell/Pods-EasySell-frameworks.sh\"\n";
			showEnvVarsInLog = 0;
		};
/* End PBXShellScriptBuildPhase section */

/* Begin PBXSourcesBuildPhase section */
		CE97DF171FD19641002CF005 /* Sources */ = {
			isa = PBXSourcesBuildPhase;
			buildActionMask = 2147483647;
			files = (
				CE97DF1F1FD19641002CF005 /* AppDelegate.swift in Sources */,
				5200B646A998E8BAF40FC2E6 /* DesignPostController.swift in Sources */,
				5200BE39AE475BAA3572F471 /* PostsController.swift in Sources */,
				5200B10DB5DEDB8262F3B028 /* DesignPostViewModel.swift in Sources */,
				5200B85E604B357BA5E7688B /* UILabelExtensions.swift in Sources */,
				5200BC230835A03FDA97EF50 /* UIColorExtensions.swift in Sources */,
				5200BE09205073D191642873 /* DesignPostView.swift in Sources */,
				5200BF1FE0FBF06467CF1316 /* TitleSwitchView.swift in Sources */,
				5200B373B09C15F04B91182A /* IconTitleButton.swift in Sources */,
				5200B1F7BF02D1CEA8514A93 /* PostPhotoCollectionCell.swift in Sources */,
				5200B1F5B2D3C7EDFD535E85 /* DesignPostViewViewModel.swift in Sources */,
				5200BC20453D532443B6877D /* DeviceUtils.swift in Sources */,
				5200B86A38A0DAD6A570F7E0 /* BadgeView.swift in Sources */,
				5200B8E63B114354407E60FA /* NSObjectExtensions.swift in Sources */,
				5200BDAE38F885ECEE595059 /* IntExtensions.swift in Sources */,
			);
			runOnlyForDeploymentPostprocessing = 0;
		};
/* End PBXSourcesBuildPhase section */

/* Begin PBXVariantGroup section */
		5200BA54D172721BAB1317D8 /* LaunchScreen.storyboard */ = {
			isa = PBXVariantGroup;
			children = (
				5200B15036D9751C364B806A /* Base */,
			);
			name = LaunchScreen.storyboard;
			sourceTree = "<group>";
		};
/* End PBXVariantGroup section */

/* Begin XCBuildConfiguration section */
		CE97DF2B1FD19641002CF005 /* Debug */ = {
			isa = XCBuildConfiguration;
			buildSettings = {
				ALWAYS_SEARCH_USER_PATHS = NO;
				CLANG_ANALYZER_NONNULL = YES;
				CLANG_ANALYZER_NUMBER_OBJECT_CONVERSION = YES_AGGRESSIVE;
				CLANG_CXX_LANGUAGE_STANDARD = "gnu++14";
				CLANG_CXX_LIBRARY = "libc++";
				CLANG_ENABLE_MODULES = YES;
				CLANG_ENABLE_OBJC_ARC = YES;
				CLANG_WARN_BLOCK_CAPTURE_AUTORELEASING = YES;
				CLANG_WARN_BOOL_CONVERSION = YES;
				CLANG_WARN_COMMA = YES;
				CLANG_WARN_CONSTANT_CONVERSION = YES;
				CLANG_WARN_DIRECT_OBJC_ISA_USAGE = YES_ERROR;
				CLANG_WARN_DOCUMENTATION_COMMENTS = YES;
				CLANG_WARN_EMPTY_BODY = YES;
				CLANG_WARN_ENUM_CONVERSION = YES;
				CLANG_WARN_INFINITE_RECURSION = YES;
				CLANG_WARN_INT_CONVERSION = YES;
				CLANG_WARN_NON_LITERAL_NULL_CONVERSION = YES;
				CLANG_WARN_OBJC_LITERAL_CONVERSION = YES;
				CLANG_WARN_OBJC_ROOT_CLASS = YES_ERROR;
				CLANG_WARN_RANGE_LOOP_ANALYSIS = YES;
				CLANG_WARN_STRICT_PROTOTYPES = YES;
				CLANG_WARN_SUSPICIOUS_MOVE = YES;
				CLANG_WARN_UNGUARDED_AVAILABILITY = YES_AGGRESSIVE;
				CLANG_WARN_UNREACHABLE_CODE = YES;
				CLANG_WARN__DUPLICATE_METHOD_MATCH = YES;
				CODE_SIGN_IDENTITY = "iPhone Developer";
				COPY_PHASE_STRIP = NO;
				DEBUG_INFORMATION_FORMAT = dwarf;
				ENABLE_STRICT_OBJC_MSGSEND = YES;
				ENABLE_TESTABILITY = YES;
				GCC_C_LANGUAGE_STANDARD = gnu11;
				GCC_DYNAMIC_NO_PIC = NO;
				GCC_NO_COMMON_BLOCKS = YES;
				GCC_OPTIMIZATION_LEVEL = 0;
				GCC_PREPROCESSOR_DEFINITIONS = (
					"DEBUG=1",
					"$(inherited)",
				);
				GCC_WARN_64_TO_32_BIT_CONVERSION = YES;
				GCC_WARN_ABOUT_RETURN_TYPE = YES_ERROR;
				GCC_WARN_UNDECLARED_SELECTOR = YES;
				GCC_WARN_UNINITIALIZED_AUTOS = YES_AGGRESSIVE;
				GCC_WARN_UNUSED_FUNCTION = YES;
				GCC_WARN_UNUSED_VARIABLE = YES;
				IPHONEOS_DEPLOYMENT_TARGET = 11.1;
				MTL_ENABLE_DEBUG_INFO = YES;
				ONLY_ACTIVE_ARCH = YES;
				SDKROOT = iphoneos;
				SWIFT_ACTIVE_COMPILATION_CONDITIONS = DEBUG;
				SWIFT_OPTIMIZATION_LEVEL = "-Onone";
			};
			name = Debug;
		};
		CE97DF2C1FD19641002CF005 /* Release */ = {
			isa = XCBuildConfiguration;
			buildSettings = {
				ALWAYS_SEARCH_USER_PATHS = NO;
				CLANG_ANALYZER_NONNULL = YES;
				CLANG_ANALYZER_NUMBER_OBJECT_CONVERSION = YES_AGGRESSIVE;
				CLANG_CXX_LANGUAGE_STANDARD = "gnu++14";
				CLANG_CXX_LIBRARY = "libc++";
				CLANG_ENABLE_MODULES = YES;
				CLANG_ENABLE_OBJC_ARC = YES;
				CLANG_WARN_BLOCK_CAPTURE_AUTORELEASING = YES;
				CLANG_WARN_BOOL_CONVERSION = YES;
				CLANG_WARN_COMMA = YES;
				CLANG_WARN_CONSTANT_CONVERSION = YES;
				CLANG_WARN_DIRECT_OBJC_ISA_USAGE = YES_ERROR;
				CLANG_WARN_DOCUMENTATION_COMMENTS = YES;
				CLANG_WARN_EMPTY_BODY = YES;
				CLANG_WARN_ENUM_CONVERSION = YES;
				CLANG_WARN_INFINITE_RECURSION = YES;
				CLANG_WARN_INT_CONVERSION = YES;
				CLANG_WARN_NON_LITERAL_NULL_CONVERSION = YES;
				CLANG_WARN_OBJC_LITERAL_CONVERSION = YES;
				CLANG_WARN_OBJC_ROOT_CLASS = YES_ERROR;
				CLANG_WARN_RANGE_LOOP_ANALYSIS = YES;
				CLANG_WARN_STRICT_PROTOTYPES = YES;
				CLANG_WARN_SUSPICIOUS_MOVE = YES;
				CLANG_WARN_UNGUARDED_AVAILABILITY = YES_AGGRESSIVE;
				CLANG_WARN_UNREACHABLE_CODE = YES;
				CLANG_WARN__DUPLICATE_METHOD_MATCH = YES;
				CODE_SIGN_IDENTITY = "iPhone Developer";
				COPY_PHASE_STRIP = NO;
				DEBUG_INFORMATION_FORMAT = "dwarf-with-dsym";
				ENABLE_NS_ASSERTIONS = NO;
				ENABLE_STRICT_OBJC_MSGSEND = YES;
				GCC_C_LANGUAGE_STANDARD = gnu11;
				GCC_NO_COMMON_BLOCKS = YES;
				GCC_WARN_64_TO_32_BIT_CONVERSION = YES;
				GCC_WARN_ABOUT_RETURN_TYPE = YES_ERROR;
				GCC_WARN_UNDECLARED_SELECTOR = YES;
				GCC_WARN_UNINITIALIZED_AUTOS = YES_AGGRESSIVE;
				GCC_WARN_UNUSED_FUNCTION = YES;
				GCC_WARN_UNUSED_VARIABLE = YES;
				IPHONEOS_DEPLOYMENT_TARGET = 11.1;
				MTL_ENABLE_DEBUG_INFO = NO;
				SDKROOT = iphoneos;
				SWIFT_OPTIMIZATION_LEVEL = "-Owholemodule";
				VALIDATE_PRODUCT = YES;
			};
			name = Release;
		};
		CE97DF2E1FD19641002CF005 /* Debug */ = {
			isa = XCBuildConfiguration;
			baseConfigurationReference = E8EBF9F499711AB958F5D2B4 /* Pods-EasySell.debug.xcconfig */;
			buildSettings = {
				ASSETCATALOG_COMPILER_APPICON_NAME = AppIcon;
				CODE_SIGN_STYLE = Automatic;
				DEVELOPMENT_TEAM = 36BVLL6DJ9;
				INFOPLIST_FILE = EasySell/Info.plist;
				IPHONEOS_DEPLOYMENT_TARGET = 10.0;
				LD_RUNPATH_SEARCH_PATHS = "$(inherited) @executable_path/Frameworks";
				PRODUCT_BUNDLE_IDENTIFIER = io.goodapp.easysell;
				PRODUCT_NAME = "$(TARGET_NAME)";
				SWIFT_VERSION = 3.0;
				TARGETED_DEVICE_FAMILY = 1;
			};
			name = Debug;
		};
		CE97DF2F1FD19641002CF005 /* Release */ = {
			isa = XCBuildConfiguration;
			baseConfigurationReference = 278443DD5C84ADBC42AD53CB /* Pods-EasySell.release.xcconfig */;
			buildSettings = {
				ASSETCATALOG_COMPILER_APPICON_NAME = AppIcon;
				CODE_SIGN_STYLE = Automatic;
				DEVELOPMENT_TEAM = 36BVLL6DJ9;
				INFOPLIST_FILE = EasySell/Info.plist;
				IPHONEOS_DEPLOYMENT_TARGET = 10.0;
				LD_RUNPATH_SEARCH_PATHS = "$(inherited) @executable_path/Frameworks";
				PRODUCT_BUNDLE_IDENTIFIER = io.goodapp.easysell;
				PRODUCT_NAME = "$(TARGET_NAME)";
				SWIFT_VERSION = 3.0;
				TARGETED_DEVICE_FAMILY = 1;
			};
			name = Release;
		};
/* End XCBuildConfiguration section */

/* Begin XCConfigurationList section */
		CE97DF161FD19641002CF005 /* Build configuration list for PBXProject "EasySell" */ = {
			isa = XCConfigurationList;
			buildConfigurations = (
				CE97DF2B1FD19641002CF005 /* Debug */,
				CE97DF2C1FD19641002CF005 /* Release */,
			);
			defaultConfigurationIsVisible = 0;
			defaultConfigurationName = Release;
		};
		CE97DF2D1FD19641002CF005 /* Build configuration list for PBXNativeTarget "EasySell" */ = {
			isa = XCConfigurationList;
			buildConfigurations = (
				CE97DF2E1FD19641002CF005 /* Debug */,
				CE97DF2F1FD19641002CF005 /* Release */,
			);
			defaultConfigurationIsVisible = 0;
			defaultConfigurationName = Release;
		};
/* End XCConfigurationList section */
	};
	rootObject = CE97DF131FD19641002CF005 /* Project object */;
}
